
Microsoft Visual Studio Solution File, Format Version 12.00
# Visual Studio Version 16
VisualStudioVersion = 16.0.32106.194
MinimumVisualStudioVersion = 10.0.40219.1
Project("{888888A0-9F3D-457C-B088-3A5042F75D52}") = "Sprawozdanie 1", "Sprawozdanie 1\Sprawozdanie 1.pyproj", "{205E82BA-0834-43B2-B003-AC8AAC193D94}"
EndProject
Global
	GlobalSection(SolutionConfigurationPlatforms) = preSolution
		Debug|Any CPU = Debug|Any CPU
		Release|Any CPU = Release|Any CPU
	EndGlobalSection
	GlobalSection(ProjectConfigurationPlatforms) = postSolution
		{205E82BA-0834-43B2-B003-AC8AAC193D94}.Debug|Any CPU.ActiveCfg = Debug|Any CPU
		{205E82BA-0834-43B2-B003-AC8AAC193D94}.Release|Any CPU.ActiveCfg = Release|Any CPU
	EndGlobalSection
	GlobalSection(SolutionProperties) = preSolution
		HideSolutionNode = FALSE
	EndGlobalSection
	GlobalSection(ExtensibilityGlobals) = postSolution
		SolutionGuid = {5CDD2267-27D9-4E01-B867-9FDBFFADA9FC}
	EndGlobalSection
EndGlobal
